github.com/go-basic/uuid v1.0.0 h1:Faqtetcr8uwOzR2qp8RSpkahQiv4+BnJhrpuXPOo63M=
github.com/go-basic/uuid v1.0.0/go.mod h1:yVtVnsXcmaLc9F4Zw7hTV7R0+vtuQw00mdXi+F6tqco=
github.com/go-zk/zk v1.0.0 h1:l9aUiMEr36M10MJlTO7Y8a+/hDKctJF9tvZ1cbzKBW0=
github.com/go-zk/zk v1.0.0/go.mod h1:3FB5JvNW0LDbMcucjVcML3k44jEE0NGGjkL7pyA5A9Y=
